
Microsoft Visual Studio Solution File, Format Version 12.00
# Visual Studio Version 16
VisualStudioVersion = 16.0.30413.136
MinimumVisualStudioVersion = 10.0.40219.1
Project("{FAE04EC0-301F-11D3-BF4B-00C04F79EFBC}") = "WindowsFormsApp2", "WindowsFormsApp2\WindowsFormsApp2.csproj", "{0B4F9E72-E77D-4745-B156-3278DF6F484E}"
EndProject
Global
	GlobalSection(SolutionConfigurationPlatforms) = preSolution
		Debug|Any CPU = Debug|Any CPU
		Release|Any CPU = Release|Any CPU
	EndGlobalSection
	GlobalSection(ProjectConfigurationPlatforms) = postSolution
		{0B4F9E72-E77D-4745-B156-3278DF6F484E}.Debug|Any CPU.ActiveCfg = Debug|Any CPU
		{0B4F9E72-E77D-4745-B156-3278DF6F484E}.Debug|Any CPU.Build.0 = Debug|Any CPU
		{0B4F9E72-E77D-4745-B156-3278DF6F484E}.Release|Any CPU.ActiveCfg = Release|Any CPU
		{0B4F9E72-E77D-4745-B156-3278DF6F484E}.Release|Any CPU.Build.0 = Release|Any CPU
	EndGlobalSection
	GlobalSection(SolutionProperties) = preSolution
		HideSolutionNode = FALSE
	EndGlobalSection
	GlobalSection(ExtensibilityGlobals) = postSolution
		SolutionGuid = {6CAFBC22-E553-49D9-9633-F059C37FC40B}
	EndGlobalSection
EndGlobal
